
Microsoft Visual Studio Solution File, Format Version 12.00
# Visual Studio Version 17
VisualStudioVersion = 17.7.34302.85
MinimumVisualStudioVersion = 10.0.40219.1
Project("{FAE04EC0-301F-11D3-BF4B-00C04F79EFBC}") = "STSSimCardProjectReactWithDotNet", "STSSimCardProjectReactWithDotNet\STSSimCardProjectReactWithDotNet.csproj", "{939DC751-CA58-4E00-ABC3-889F80BECD95}"
EndProject
Global
	GlobalSection(SolutionConfigurationPlatforms) = preSolution
		Debug|Any CPU = Debug|Any CPU
		Release|Any CPU = Release|Any CPU
	EndGlobalSection
	GlobalSection(ProjectConfigurationPlatforms) = postSolution
		{939DC751-CA58-4E00-ABC3-889F80BECD95}.Debug|Any CPU.ActiveCfg = Debug|Any CPU
		{939DC751-CA58-4E00-ABC3-889F80BECD95}.Debug|Any CPU.Build.0 = Debug|Any CPU
		{939DC751-CA58-4E00-ABC3-889F80BECD95}.Release|Any CPU.ActiveCfg = Release|Any CPU
		{939DC751-CA58-4E00-ABC3-889F80BECD95}.Release|Any CPU.Build.0 = Release|Any CPU
	EndGlobalSection
	GlobalSection(SolutionProperties) = preSolution
		HideSolutionNode = FALSE
	EndGlobalSection
	GlobalSection(ExtensibilityGlobals) = postSolution
		SolutionGuid = {08B78833-A61F-4326-A172-1ED5AC3ED78A}
	EndGlobalSection
EndGlobal
